
Microsoft Visual Studio Solution File, Format Version 12.00
# Visual Studio 15
VisualStudioVersion = 15.0.26124.0
MinimumVisualStudioVersion = 15.0.26124.0
Project("{9A19103F-16F7-4668-BE54-9A1E7A4F7556}") = "R5T.Sundsvall.Database.Construction", "R5T.Sundsvall.Database.Construction\R5T.Sundsvall.Database.Construction.csproj", "{7D476A58-3CE8-4D3A-B22C-050F25015F3B}"
EndProject
Project("{9A19103F-16F7-4668-BE54-9A1E7A4F7556}") = "R5T.Sundsvall.Database", "R5T.Sundsvall.Database\R5T.Sundsvall.Database.csproj", "{867E2E79-F1FE-4FBA-8C64-F852C32C72D6}"
EndProject
Project("{9A19103F-16F7-4668-BE54-9A1E7A4F7556}") = "R5T.Sundsvall.Database.Testing", "R5T.Sundsvall.Database.Testing\R5T.Sundsvall.Database.Testing.csproj", "{09FDBC9B-D933-421B-BB87-10775AC85272}"
EndProject
Project("{2150E333-8FDC-42A3-9474-1A3956D46DE8}") = "_Dependencies", "_Dependencies", "{9550B997-1E22-4D23-A236-BE45583C0E52}"
EndProject
Project("{9A19103F-16F7-4668-BE54-9A1E7A4F7556}") = "R5T.Sundsvall.Base", "..\..\R5T.Sundsvall.Base\source\R5T.Sundsvall.Base\R5T.Sundsvall.Base.csproj", "{AD2F95F3-F044-4DD0-AF28-929C00D27993}"
EndProject
Project("{9A19103F-16F7-4668-BE54-9A1E7A4F7556}") = "R5T.Corcyra", "..\..\R5T.Corcyra\source\R5T.Corcyra\R5T.Corcyra.csproj", "{94F49DD4-818C-4EA0-9CD2-164DA65519A9}"
EndProject
Project("{9A19103F-16F7-4668-BE54-9A1E7A4F7556}") = "R5T.Guide", "..\..\R5T.Guide\source\R5T.Guide\R5T.Guide.csproj", "{DEFF9F3C-6AF0-4F66-844C-BB19B4BAECE7}"
EndProject
Project("{9A19103F-16F7-4668-BE54-9A1E7A4F7556}") = "R5T.Endalia", "..\..\R5T.Endalia\source\R5T.Endalia\R5T.Endalia.csproj", "{07E2C19F-0A6E-477E-8378-735FC04E4BDF}"
EndProject
Project("{9A19103F-16F7-4668-BE54-9A1E7A4F7556}") = "R5T.Sindia", "..\..\R5T.Sindia\source\R5T.Sindia\R5T.Sindia.csproj", "{C75C8E25-351D-47C5-B1C7-50B01C2BFE7D}"
EndProject
Project("{9A19103F-16F7-4668-BE54-9A1E7A4F7556}") = "R5T.Venetia", "..\..\R5T.Venetia\source\R5T.Venetia\R5T.Venetia.csproj", "{0C26D9ED-ACDD-4150-9DD2-72B44DA08703}"
EndProject
Project("{9A19103F-16F7-4668-BE54-9A1E7A4F7556}") = "R5T.Dacia", "..\..\R5T.Dacia\source\R5T.Dacia\R5T.Dacia.csproj", "{C59118D3-40B8-4A06-8B4F-2B3433FCE46F}"
EndProject
Global
	GlobalSection(SolutionConfigurationPlatforms) = preSolution
		Debug|Any CPU = Debug|Any CPU
		Debug|x64 = Debug|x64
		Debug|x86 = Debug|x86
		Release|Any CPU = Release|Any CPU
		Release|x64 = Release|x64
		Release|x86 = Release|x86
	EndGlobalSection
	GlobalSection(ProjectConfigurationPlatforms) = postSolution
		{7D476A58-3CE8-4D3A-B22C-050F25015F3B}.Debug|Any CPU.ActiveCfg = Debug|Any CPU
		{7D476A58-3CE8-4D3A-B22C-050F25015F3B}.Debug|Any CPU.Build.0 = Debug|Any CPU
		{7D476A58-3CE8-4D3A-B22C-050F25015F3B}.Debug|x64.ActiveCfg = Debug|Any CPU
		{7D476A58-3CE8-4D3A-B22C-050F25015F3B}.Debug|x64.Build.0 = Debug|Any CPU
		{7D476A58-3CE8-4D3A-B22C-050F25015F3B}.Debug|x86.ActiveCfg = Debug|Any CPU
		{7D476A58-3CE8-4D3A-B22C-050F25015F3B}.Debug|x86.Build.0 = Debug|Any CPU
		{7D476A58-3CE8-4D3A-B22C-050F25015F3B}.Release|Any CPU.ActiveCfg = Release|Any CPU
		{7D476A58-3CE8-4D3A-B22C-050F25015F3B}.Release|Any CPU.Build.0 = Release|Any CPU
		{7D476A58-3CE8-4D3A-B22C-050F25015F3B}.Release|x64.ActiveCfg = Release|Any CPU
		{7D476A58-3CE8-4D3A-B22C-050F25015F3B}.Release|x64.Build.0 = Release|Any CPU
		{7D476A58-3CE8-4D3A-B22C-050F25015F3B}.Release|x86.ActiveCfg = Release|Any CPU
		{7D476A58-3CE8-4D3A-B22C-050F25015F3B}.Release|x86.Build.0 = Release|Any CPU
		{867E2E79-F1FE-4FBA-8C64-F852C32C72D6}.Debug|Any CPU.ActiveCfg = Debug|Any CPU
		{867E2E79-F1FE-4FBA-8C64-F852C32C72D6}.Debug|Any CPU.Build.0 = Debug|Any CPU
		{867E2E79-F1FE-4FBA-8C64-F852C32C72D6}.Debug|x64.ActiveCfg = Debug|Any CPU
		{867E2E79-F1FE-4FBA-8C64-F852C32C72D6}.Debug|x64.Build.0 = Debug|Any CPU
		{867E2E79-F1FE-4FBA-8C64-F852C32C72D6}.Debug|x86.ActiveCfg = Debug|Any CPU
		{867E2E79-F1FE-4FBA-8C64-F852C32C72D6}.Debug|x86.Build.0 = Debug|Any CPU
		{867E2E79-F1FE-4FBA-8C64-F852C32C72D6}.Release|Any CPU.ActiveCfg = Release|Any CPU
		{867E2E79-F1FE-4FBA-8C64-F852C32C72D6}.Release|Any CPU.Build.0 = Release|Any CPU
		{867E2E79-F1FE-4FBA-8C64-F852C32C72D6}.Release|x64.ActiveCfg = Release|Any CPU
		{867E2E79-F1FE-4FBA-8C64-F852C32C72D6}.Release|x64.Build.0 = Release|Any CPU
		{867E2E79-F1FE-4FBA-8C64-F852C32C72D6}.Release|x86.ActiveCfg = Release|Any CPU
		{867E2E79-F1FE-4FBA-8C64-F852C32C72D6}.Release|x86.Build.0 = Release|Any CPU
		{09FDBC9B-D933-421B-BB87-10775AC85272}.Debug|Any CPU.ActiveCfg = Debug|Any CPU
		{09FDBC9B-D933-421B-BB87-10775AC85272}.Debug|Any CPU.Build.0 = Debug|Any CPU
		{09FDBC9B-D933-421B-BB87-10775AC85272}.Debug|x64.ActiveCfg = Debug|Any CPU
		{09FDBC9B-D933-421B-BB87-10775AC85272}.Debug|x64.Build.0 = Debug|Any CPU
		{09FDBC9B-D933-421B-BB87-10775AC85272}.Debug|x86.ActiveCfg = Debug|Any CPU
		{09FDBC9B-D933-421B-BB87-10775AC85272}.Debug|x86.Build.0 = Debug|Any CPU
		{09FDBC9B-D933-421B-BB87-10775AC85272}.Release|Any CPU.ActiveCfg = Release|Any CPU
		{09FDBC9B-D933-421B-BB87-10775AC85272}.Release|Any CPU.Build.0 = Release|Any CPU
		{09FDBC9B-D933-421B-BB87-10775AC85272}.Release|x64.ActiveCfg = Release|Any CPU
		{09FDBC9B-D933-421B-BB87-10775AC85272}.Release|x64.Build.0 = Release|Any CPU
		{09FDBC9B-D933-421B-BB87-10775AC85272}.Release|x86.ActiveCfg = Release|Any CPU
		{09FDBC9B-D933-421B-BB87-10775AC85272}.Release|x86.Build.0 = Release|Any CPU
		{AD2F95F3-F044-4DD0-AF28-929C00D27993}.Debug|Any CPU.ActiveCfg = Debug|Any CPU
		{AD2F95F3-F044-4DD0-AF28-929C00D27993}.Debug|Any CPU.Build.0 = Debug|Any CPU
		{AD2F95F3-F044-4DD0-AF28-929C00D27993}.Debug|x64.ActiveCfg = Debug|Any CPU
		{AD2F95F3-F044-4DD0-AF28-929C00D27993}.Debug|x64.Build.0 = Debug|Any CPU
		{AD2F95F3-F044-4DD0-AF28-929C00D27993}.Debug|x86.ActiveCfg = Debug|Any CPU
		{AD2F95F3-F044-4DD0-AF28-929C00D27993}.Debug|x86.Build.0 = Debug|Any CPU
		{AD2F95F3-F044-4DD0-AF28-929C00D27993}.Release|Any CPU.ActiveCfg = Release|Any CPU
		{AD2F95F3-F044-4DD0-AF28-929C00D27993}.Release|Any CPU.Build.0 = Release|Any CPU
		{AD2F95F3-F044-4DD0-AF28-929C00D27993}.Release|x64.ActiveCfg = Release|Any CPU
		{AD2F95F3-F044-4DD0-AF28-929C00D27993}.Release|x64.Build.0 = Release|Any CPU
		{AD2F95F3-F044-4DD0-AF28-929C00D27993}.Release|x86.ActiveCfg = Release|Any CPU
		{AD2F95F3-F044-4DD0-AF28-929C00D27993}.Release|x86.Build.0 = Release|Any CPU
		{94F49DD4-818C-4EA0-9CD2-164DA65519A9}.Debug|Any CPU.ActiveCfg = Debug|Any CPU
		{94F49DD4-818C-4EA0-9CD2-164DA65519A9}.Debug|Any CPU.Build.0 = Debug|Any CPU
		{94F49DD4-818C-4EA0-9CD2-164DA65519A9}.Debug|x64.ActiveCfg = Debug|Any CPU
		{94F49DD4-818C-4EA0-9CD2-164DA65519A9}.Debug|x64.Build.0 = Debug|Any CPU
		{94F49DD4-818C-4EA0-9CD2-164DA65519A9}.Debug|x86.ActiveCfg = Debug|Any CPU
		{94F49DD4-818C-4EA0-9CD2-164DA65519A9}.Debug|x86.Build.0 = Debug|Any CPU
		{94F49DD4-818C-4EA0-9CD2-164DA65519A9}.Release|Any CPU.ActiveCfg = Release|Any CPU
		{94F49DD4-818C-4EA0-9CD2-164DA65519A9}.Release|Any CPU.Build.0 = Release|Any CPU
		{94F49DD4-818C-4EA0-9CD2-164DA65519A9}.Release|x64.ActiveCfg = Release|Any CPU
		{94F49DD4-818C-4EA0-9CD2-164DA65519A9}.Release|x64.Build.0 = Release|Any CPU
		{94F49DD4-818C-4EA0-9CD2-164DA65519A9}.Release|x86.ActiveCfg = Release|Any CPU
		{94F49DD4-818C-4EA0-9CD2-164DA65519A9}.Release|x86.Build.0 = Release|Any CPU
		{DEFF9F3C-6AF0-4F66-844C-BB19B4BAECE7}.Debug|Any CPU.ActiveCfg = Debug|Any CPU
		{DEFF9F3C-6AF0-4F66-844C-BB19B4BAECE7}.Debug|Any CPU.Build.0 = Debug|Any CPU
		{DEFF9F3C-6AF0-4F66-844C-BB19B4BAECE7}.Debug|x64.ActiveCfg = Debug|Any CPU
		{DEFF9F3C-6AF0-4F66-844C-BB19B4BAECE7}.Debug|x64.Build.0 = Debug|Any CPU
		{DEFF9F3C-6AF0-4F66-844C-BB19B4BAECE7}.Debug|x86.ActiveCfg = Debug|Any CPU
		{DEFF9F3C-6AF0-4F66-844C-BB19B4BAECE7}.Debug|x86.Build.0 = Debug|Any CPU
		{DEFF9F3C-6AF0-4F66-844C-BB19B4BAECE7}.Release|Any CPU.ActiveCfg = Release|Any CPU
		{DEFF9F3C-6AF0-4F66-844C-BB19B4BAECE7}.Release|Any CPU.Build.0 = Release|Any CPU
		{DEFF9F3C-6AF0-4F66-844C-BB19B4BAECE7}.Release|x64.ActiveCfg = Release|Any CPU
		{DEFF9F3C-6AF0-4F66-844C-BB19B4BAECE7}.Release|x64.Build.0 = Release|Any CPU
		{DEFF9F3C-6AF0-4F66-844C-BB19B4BAECE7}.Release|x86.ActiveCfg = Release|Any CPU
		{DEFF9F3C-6AF0-4F66-844C-BB19B4BAECE7}.Release|x86.Build.0 = Release|Any CPU
		{07E2C19F-0A6E-477E-8378-735FC04E4BDF}.Debug|Any CPU.ActiveCfg = Debug|Any CPU
		{07E2C19F-0A6E-477E-8378-735FC04E4BDF}.Debug|Any CPU.Build.0 = Debug|Any CPU
		{07E2C19F-0A6E-477E-8378-735FC04E4BDF}.Debug|x64.ActiveCfg = Debug|Any CPU
		{07E2C19F-0A6E-477E-8378-735FC04E4BDF}.Debug|x64.Build.0 = Debug|Any CPU
		{07E2C19F-0A6E-477E-8378-735FC04E4BDF}.Debug|x86.ActiveCfg = Debug|Any CPU
		{07E2C19F-0A6E-477E-8378-735FC04E4BDF}.Debug|x86.Build.0 = Debug|Any CPU
		{07E2C19F-0A6E-477E-8378-735FC04E4BDF}.Release|Any CPU.ActiveCfg = Release|Any CPU
		{07E2C19F-0A6E-477E-8378-735FC04E4BDF}.Release|Any CPU.Build.0 = Release|Any CPU
		{07E2C19F-0A6E-477E-8378-735FC04E4BDF}.Release|x64.ActiveCfg = Release|Any CPU
		{07E2C19F-0A6E-477E-8378-735FC04E4BDF}.Release|x64.Build.0 = Release|Any CPU
		{07E2C19F-0A6E-477E-8378-735FC04E4BDF}.Release|x86.ActiveCfg = Release|Any CPU
		{07E2C19F-0A6E-477E-8378-735FC04E4BDF}.Release|x86.Build.0 = Release|Any CPU
		{C75C8E25-351D-47C5-B1C7-50B01C2BFE7D}.Debug|Any CPU.ActiveCfg = Debug|Any CPU
		{C75C8E25-351D-47C5-B1C7-50B01C2BFE7D}.Debug|Any CPU.Build.0 = Debug|Any CPU
		{C75C8E25-351D-47C5-B1C7-50B01C2BFE7D}.Debug|x64.ActiveCfg = Debug|Any CPU
		{C75C8E25-351D-47C5-B1C7-50B01C2BFE7D}.Debug|x64.Build.0 = Debug|Any CPU
		{C75C8E25-351D-47C5-B1C7-50B01C2BFE7D}.Debug|x86.ActiveCfg = Debug|Any CPU
		{C75C8E25-351D-47C5-B1C7-50B01C2BFE7D}.Debug|x86.Build.0 = Debug|Any CPU
		{C75C8E25-351D-47C5-B1C7-50B01C2BFE7D}.Release|Any CPU.ActiveCfg = Release|Any CPU
		{C75C8E25-351D-47C5-B1C7-50B01C2BFE7D}.Release|Any CPU.Build.0 = Release|Any CPU
		{C75C8E25-351D-47C5-B1C7-50B01C2BFE7D}.Release|x64.ActiveCfg = Release|Any CPU
		{C75C8E25-351D-47C5-B1C7-50B01C2BFE7D}.Release|x64.Build.0 = Release|Any CPU
		{C75C8E25-351D-47C5-B1C7-50B01C2BFE7D}.Release|x86.ActiveCfg = Release|Any CPU
		{C75C8E25-351D-47C5-B1C7-50B01C2BFE7D}.Release|x86.Build.0 = Release|Any CPU
		{0C26D9ED-ACDD-4150-9DD2-72B44DA08703}.Debug|Any CPU.ActiveCfg = Debug|Any CPU
		{0C26D9ED-ACDD-4150-9DD2-72B44DA08703}.Debug|Any CPU.Build.0 = Debug|Any CPU
		{0C26D9ED-ACDD-4150-9DD2-72B44DA08703}.Debug|x64.ActiveCfg = Debug|Any CPU
		{0C26D9ED-ACDD-4150-9DD2-72B44DA08703}.Debug|x64.Build.0 = Debug|Any CPU
		{0C26D9ED-ACDD-4150-9DD2-72B44DA08703}.Debug|x86.ActiveCfg = Debug|Any CPU
		{0C26D9ED-ACDD-4150-9DD2-72B44DA08703}.Debug|x86.Build.0 = Debug|Any CPU
		{0C26D9ED-ACDD-4150-9DD2-72B44DA08703}.Release|Any CPU.ActiveCfg = Release|Any CPU
		{0C26D9ED-ACDD-4150-9DD2-72B44DA08703}.Release|Any CPU.Build.0 = Release|Any CPU
		{0C26D9ED-ACDD-4150-9DD2-72B44DA08703}.Release|x64.ActiveCfg = Release|Any CPU
		{0C26D9ED-ACDD-4150-9DD2-72B44DA08703}.Release|x64.Build.0 = Release|Any CPU
		{0C26D9ED-ACDD-4150-9DD2-72B44DA08703}.Release|x86.ActiveCfg = Release|Any CPU
		{0C26D9ED-ACDD-4150-9DD2-72B44DA08703}.Release|x86.Build.0 = Release|Any CPU
		{C59118D3-40B8-4A06-8B4F-2B3433FCE46F}.Debug|Any CPU.ActiveCfg = Debug|Any CPU
		{C59118D3-40B8-4A06-8B4F-2B3433FCE46F}.Debug|Any CPU.Build.0 = Debug|Any CPU
		{C59118D3-40B8-4A06-8B4F-2B3433FCE46F}.Debug|x64.ActiveCfg = Debug|Any CPU
		{C59118D3-40B8-4A06-8B4F-2B3433FCE46F}.Debug|x64.Build.0 = Debug|Any CPU
		{C59118D3-40B8-4A06-8B4F-2B3433FCE46F}.Debug|x86.ActiveCfg = Debug|Any CPU
		{C59118D3-40B8-4A06-8B4F-2B3433FCE46F}.Debug|x86.Build.0 = Debug|Any CPU
		{C59118D3-40B8-4A06-8B4F-2B3433FCE46F}.Release|Any CPU.ActiveCfg = Release|Any CPU
		{C59118D3-40B8-4A06-8B4F-2B3433FCE46F}.Release|Any CPU.Build.0 = Release|Any CPU
		{C59118D3-40B8-4A06-8B4F-2B3433FCE46F}.Release|x64.ActiveCfg = Release|Any CPU
		{C59118D3-40B8-4A06-8B4F-2B3433FCE46F}.Release|x64.Build.0 = Release|Any CPU
		{C59118D3-40B8-4A06-8B4F-2B3433FCE46F}.Release|x86.ActiveCfg = Release|Any CPU
		{C59118D3-40B8-4A06-8B4F-2B3433FCE46F}.Release|x86.Build.0 = Release|Any CPU
	EndGlobalSection
	GlobalSection(SolutionProperties) = preSolution
		HideSolutionNode = FALSE
	EndGlobalSection
	GlobalSection(NestedProjects) = preSolution
		{AD2F95F3-F044-4DD0-AF28-929C00D27993} = {9550B997-1E22-4D23-A236-BE45583C0E52}
		{94F49DD4-818C-4EA0-9CD2-164DA65519A9} = {9550B997-1E22-4D23-A236-BE45583C0E52}
		{DEFF9F3C-6AF0-4F66-844C-BB19B4BAECE7} = {9550B997-1E22-4D23-A236-BE45583C0E52}
		{07E2C19F-0A6E-477E-8378-735FC04E4BDF} = {9550B997-1E22-4D23-A236-BE45583C0E52}
		{C75C8E25-351D-47C5-B1C7-50B01C2BFE7D} = {9550B997-1E22-4D23-A236-BE45583C0E52}
		{0C26D9ED-ACDD-4150-9DD2-72B44DA08703} = {9550B997-1E22-4D23-A236-BE45583C0E52}
		{C59118D3-40B8-4A06-8B4F-2B3433FCE46F} = {9550B997-1E22-4D23-A236-BE45583C0E52}
	EndGlobalSection
	GlobalSection(ExtensibilityGlobals) = postSolution
		SolutionGuid = {DCEEF457-5A2B-4DE1-99AA-28706A5686C2}
	EndGlobalSection
EndGlobal
