
Microsoft Visual Studio Solution File, Format Version 12.00
# Visual Studio 15
VisualStudioVersion = 15.0.26124.0
MinimumVisualStudioVersion = 15.0.26124.0
Project("{FAE04EC0-301F-11D3-BF4B-00C04F79EFBC}") = "R5T.Sundsvall.Database.Construction", "R5T.Sundsvall.Database.Construction\R5T.Sundsvall.Database.Construction.csproj", "{7D476A58-3CE8-4D3A-B22C-050F25015F3B}"
EndProject
Project("{FAE04EC0-301F-11D3-BF4B-00C04F79EFBC}") = "R5T.Sundsvall.Database", "R5T.Sundsvall.Database\R5T.Sundsvall.Database.csproj", "{867E2E79-F1FE-4FBA-8C64-F852C32C72D6}"
EndProject
Project("{FAE04EC0-301F-11D3-BF4B-00C04F79EFBC}") = "R5T.Sundsvall.Database.Testing", "R5T.Sundsvall.Database.Testing\R5T.Sundsvall.Database.Testing.csproj", "{09FDBC9B-D933-421B-BB87-10775AC85272}"
EndProject
Global
	GlobalSection(SolutionConfigurationPlatforms) = preSolution
		Debug|Any CPU = Debug|Any CPU
		Debug|x64 = Debug|x64
		Debug|x86 = Debug|x86
		Release|Any CPU = Release|Any CPU
		Release|x64 = Release|x64
		Release|x86 = Release|x86
	EndGlobalSection
	GlobalSection(SolutionProperties) = preSolution
		HideSolutionNode = FALSE
	EndGlobalSection
	GlobalSection(ProjectConfigurationPlatforms) = postSolution
		{7D476A58-3CE8-4D3A-B22C-050F25015F3B}.Debug|Any CPU.ActiveCfg = Debug|Any CPU
		{7D476A58-3CE8-4D3A-B22C-050F25015F3B}.Debug|Any CPU.Build.0 = Debug|Any CPU
		{7D476A58-3CE8-4D3A-B22C-050F25015F3B}.Debug|x64.ActiveCfg = Debug|Any CPU
		{7D476A58-3CE8-4D3A-B22C-050F25015F3B}.Debug|x64.Build.0 = Debug|Any CPU
		{7D476A58-3CE8-4D3A-B22C-050F25015F3B}.Debug|x86.ActiveCfg = Debug|Any CPU
		{7D476A58-3CE8-4D3A-B22C-050F25015F3B}.Debug|x86.Build.0 = Debug|Any CPU
		{7D476A58-3CE8-4D3A-B22C-050F25015F3B}.Release|Any CPU.ActiveCfg = Release|Any CPU
		{7D476A58-3CE8-4D3A-B22C-050F25015F3B}.Release|Any CPU.Build.0 = Release|Any CPU
		{7D476A58-3CE8-4D3A-B22C-050F25015F3B}.Release|x64.ActiveCfg = Release|Any CPU
		{7D476A58-3CE8-4D3A-B22C-050F25015F3B}.Release|x64.Build.0 = Release|Any CPU
		{7D476A58-3CE8-4D3A-B22C-050F25015F3B}.Release|x86.ActiveCfg = Release|Any CPU
		{7D476A58-3CE8-4D3A-B22C-050F25015F3B}.Release|x86.Build.0 = Release|Any CPU
		{867E2E79-F1FE-4FBA-8C64-F852C32C72D6}.Debug|Any CPU.ActiveCfg = Debug|Any CPU
		{867E2E79-F1FE-4FBA-8C64-F852C32C72D6}.Debug|Any CPU.Build.0 = Debug|Any CPU
		{867E2E79-F1FE-4FBA-8C64-F852C32C72D6}.Debug|x64.ActiveCfg = Debug|Any CPU
		{867E2E79-F1FE-4FBA-8C64-F852C32C72D6}.Debug|x64.Build.0 = Debug|Any CPU
		{867E2E79-F1FE-4FBA-8C64-F852C32C72D6}.Debug|x86.ActiveCfg = Debug|Any CPU
		{867E2E79-F1FE-4FBA-8C64-F852C32C72D6}.Debug|x86.Build.0 = Debug|Any CPU
		{867E2E79-F1FE-4FBA-8C64-F852C32C72D6}.Release|Any CPU.ActiveCfg = Release|Any CPU
		{867E2E79-F1FE-4FBA-8C64-F852C32C72D6}.Release|Any CPU.Build.0 = Release|Any CPU
		{867E2E79-F1FE-4FBA-8C64-F852C32C72D6}.Release|x64.ActiveCfg = Release|Any CPU
		{867E2E79-F1FE-4FBA-8C64-F852C32C72D6}.Release|x64.Build.0 = Release|Any CPU
		{867E2E79-F1FE-4FBA-8C64-F852C32C72D6}.Release|x86.ActiveCfg = Release|Any CPU
		{867E2E79-F1FE-4FBA-8C64-F852C32C72D6}.Release|x86.Build.0 = Release|Any CPU
		{09FDBC9B-D933-421B-BB87-10775AC85272}.Debug|Any CPU.ActiveCfg = Debug|Any CPU
		{09FDBC9B-D933-421B-BB87-10775AC85272}.Debug|Any CPU.Build.0 = Debug|Any CPU
		{09FDBC9B-D933-421B-BB87-10775AC85272}.Debug|x64.ActiveCfg = Debug|Any CPU
		{09FDBC9B-D933-421B-BB87-10775AC85272}.Debug|x64.Build.0 = Debug|Any CPU
		{09FDBC9B-D933-421B-BB87-10775AC85272}.Debug|x86.ActiveCfg = Debug|Any CPU
		{09FDBC9B-D933-421B-BB87-10775AC85272}.Debug|x86.Build.0 = Debug|Any CPU
		{09FDBC9B-D933-421B-BB87-10775AC85272}.Release|Any CPU.ActiveCfg = Release|Any CPU
		{09FDBC9B-D933-421B-BB87-10775AC85272}.Release|Any CPU.Build.0 = Release|Any CPU
		{09FDBC9B-D933-421B-BB87-10775AC85272}.Release|x64.ActiveCfg = Release|Any CPU
		{09FDBC9B-D933-421B-BB87-10775AC85272}.Release|x64.Build.0 = Release|Any CPU
		{09FDBC9B-D933-421B-BB87-10775AC85272}.Release|x86.ActiveCfg = Release|Any CPU
		{09FDBC9B-D933-421B-BB87-10775AC85272}.Release|x86.Build.0 = Release|Any CPU
	EndGlobalSection
EndGlobal
